Microsoft Visual Studio Solution File, Format Version 12.00
# Visual Studio Version 17
VisualStudioVersion = 17.5.2.0
MinimumVisualStudioVersion = 10.0.40219.1
Project("{FAE04EC0-301F-11D3-BF4B-00C04F79EFBC}") = "webapp01", "webapp01.csproj", "{C90B8145-BA7E-2835-8274-5D42CA43AB30}"
EndProject
Global
	GlobalSection(SolutionConfigurationPlatforms) = preSolution
		Debug|Any CPU = Debug|Any CPU
		Release|Any CPU = Release|Any CPU
	EndGlobalSection
	GlobalSection(ProjectConfigurationPlatforms) = postSolution
		{C90B8145-BA7E-2835-8274-5D42CA43AB30}.Debug|Any CPU.ActiveCfg = Debug|Any CPU
		{C90B8145-BA7E-2835-8274-5D42CA43AB30}.Debug|Any CPU.Build.0 = Debug|Any CPU
		{C90B8145-BA7E-2835-8274-5D42CA43AB30}.Release|Any CPU.ActiveCfg = Release|Any CPU
		{C90B8145-BA7E-2835-8274-5D42CA43AB30}.Release|Any CPU.Build.0 = Release|Any CPU
	EndGlobalSection
	GlobalSection(SolutionProperties) = preSolution
		HideSolutionNode = FALSE
	EndGlobalSection
	GlobalSection(ExtensibilityGlobals) = postSolution
		SolutionGuid = {82C9D32A-3B3F-481A-A171-75A3CCA74E14}
	EndGlobalSection
EndGlobal
